
Microsoft Visual Studio Solution File, Format Version 12.00
# Visual Studio Version 17
VisualStudioVersion = 17.3.32929.385
MinimumVisualStudioVersion = 10.0.40219.1
Project("{FAE04EC0-301F-11D3-BF4B-00C04F79EFBC}") = "RevitAPITrainingWriteTxtWallInfo", "RevitAPITrainingWriteTxtWallInfo\RevitAPITrainingWriteTxtWallInfo.csproj", "{A20DE4B2-63F3-488A-AD48-050149D0F6DF}"
EndProject
Global
	GlobalSection(SolutionConfigurationPlatforms) = preSolution
		Debug|Any CPU = Debug|Any CPU
		Release|Any CPU = Release|Any CPU
	EndGlobalSection
	GlobalSection(ProjectConfigurationPlatforms) = postSolution
		{A20DE4B2-63F3-488A-AD48-050149D0F6DF}.Debug|Any CPU.ActiveCfg = Debug|Any CPU
		{A20DE4B2-63F3-488A-AD48-050149D0F6DF}.Debug|Any CPU.Build.0 = Debug|Any CPU
		{A20DE4B2-63F3-488A-AD48-050149D0F6DF}.Release|Any CPU.ActiveCfg = Release|Any CPU
		{A20DE4B2-63F3-488A-AD48-050149D0F6DF}.Release|Any CPU.Build.0 = Release|Any CPU
	EndGlobalSection
	GlobalSection(SolutionProperties) = preSolution
		HideSolutionNode = FALSE
	EndGlobalSection
	GlobalSection(ExtensibilityGlobals) = postSolution
		SolutionGuid = {C7B7B6FF-75AF-4526-A146-36CE216F2769}
	EndGlobalSection
EndGlobal
